
Microsoft Visual Studio Solution File, Format Version 12.00
# Visual Studio Version 17
VisualStudioVersion = 17.8.34322.80
MinimumVisualStudioVersion = 10.0.40219.1
Project("{FAE04EC0-301F-11D3-BF4B-00C04F79EFBC}") = "eTickets", "eTickets\eTickets.csproj", "{9CACF85F-4855-4F25-A09F-66B43F1A3A94}"
EndProject
Global
	GlobalSection(SolutionConfigurationPlatforms) = preSolution
		Debug|Any CPU = Debug|Any CPU
		Release|Any CPU = Release|Any CPU
	EndGlobalSection
	GlobalSection(ProjectConfigurationPlatforms) = postSolution
		{9CACF85F-4855-4F25-A09F-66B43F1A3A94}.Debug|Any CPU.ActiveCfg = Debug|Any CPU
		{9CACF85F-4855-4F25-A09F-66B43F1A3A94}.Debug|Any CPU.Build.0 = Debug|Any CPU
		{9CACF85F-4855-4F25-A09F-66B43F1A3A94}.Release|Any CPU.ActiveCfg = Release|Any CPU
		{9CACF85F-4855-4F25-A09F-66B43F1A3A94}.Release|Any CPU.Build.0 = Release|Any CPU
	EndGlobalSection
	GlobalSection(SolutionProperties) = preSolution
		HideSolutionNode = FALSE
	EndGlobalSection
	GlobalSection(ExtensibilityGlobals) = postSolution
		SolutionGuid = {2364F064-FB6B-4756-BFBF-961043616E44}
	EndGlobalSection
EndGlobal
